
Microsoft Visual Studio Solution File, Format Version 12.00
# Visual Studio Version 17
VisualStudioVersion = 17.1.32421.90
MinimumVisualStudioVersion = 10.0.40219.1
Project("{9A19103F-16F7-4668-BE54-9A1E7A4F7556}") = "sikusiSubtitles", "sikusiSubtitles\sikusiSubtitles.csproj", "{2032B4FA-450A-4C04-A16A-7D4AF557C8B2}"
	ProjectSection(ProjectDependencies) = postProject
		{02F8DD91-4D45-4BE0-AC64-395540CE3D88} = {02F8DD91-4D45-4BE0-AC64-395540CE3D88}
		{0DAE3E71-0DF2-4759-B92E-39A7E4D9B1D5} = {0DAE3E71-0DF2-4759-B92E-39A7E4D9B1D5}
		{0EA3BA36-CAEB-41AE-8AA6-914C28466E14} = {0EA3BA36-CAEB-41AE-8AA6-914C28466E14}
		{0F2F3651-D054-49CE-903D-0C05511A760C} = {0F2F3651-D054-49CE-903D-0C05511A760C}
		{17F917A5-AD2A-43CA-9DD2-0204B6CF610E} = {17F917A5-AD2A-43CA-9DD2-0204B6CF610E}
		{19462CC1-F501-4C88-A9E8-C6B5370456EF} = {19462CC1-F501-4C88-A9E8-C6B5370456EF}
		{1D9C5B1B-4282-48BE-8D57-A73A8EF99FDB} = {1D9C5B1B-4282-48BE-8D57-A73A8EF99FDB}
		{24CAEFC0-941F-40EF-92BF-A7921E9A371F} = {24CAEFC0-941F-40EF-92BF-A7921E9A371F}
		{31C844EC-8AB0-4F01-8755-B4619C838852} = {31C844EC-8AB0-4F01-8755-B4619C838852}
		{3F0FD92B-9EDB-4DF3-90CB-F7693B2C9EF2} = {3F0FD92B-9EDB-4DF3-90CB-F7693B2C9EF2}
		{4025DFE7-BFAF-4FE2-A0A4-73C51A412132} = {4025DFE7-BFAF-4FE2-A0A4-73C51A412132}
		{407E1D92-0913-45D3-AEE8-C948A744A38D} = {407E1D92-0913-45D3-AEE8-C948A744A38D}
		{5C8F0F10-B44B-443A-A568-1FF17D55B169} = {5C8F0F10-B44B-443A-A568-1FF17D55B169}
		{920975F0-7A19-477F-B841-A3B33E30BB2C} = {920975F0-7A19-477F-B841-A3B33E30BB2C}
		{9A06CF51-787E-406D-AAAB-76DFEB9F6CC4} = {9A06CF51-787E-406D-AAAB-76DFEB9F6CC4}
		{C78A31CD-05BA-41F1-BA0A-0442F9FAA60D} = {C78A31CD-05BA-41F1-BA0A-0442F9FAA60D}
		{D5AC3BD6-7BA9-4901-9426-796E653619DD} = {D5AC3BD6-7BA9-4901-9426-796E653619DD}
		{D9577F99-E38C-42F6-9FB8-9131EFDDD5E6} = {D9577F99-E38C-42F6-9FB8-9131EFDDD5E6}
		{DBEF8722-6B7B-4FDD-9ABE-E00729632BF1} = {DBEF8722-6B7B-4FDD-9ABE-E00729632BF1}
		{ED9BC4E8-C204-4771-9E66-A4D7476558D9} = {ED9BC4E8-C204-4771-9E66-A4D7476558D9}
		{F909C305-A3D0-460A-AFFE-635E26F19A43} = {F909C305-A3D0-460A-AFFE-635E26F19A43}
	EndProjectSection
EndProject
Project("{9A19103F-16F7-4668-BE54-9A1E7A4F7556}") = "AmiVoiceWrp", "AmiVoiceWrp\AmiVoiceWrp.csproj", "{4025DFE7-BFAF-4FE2-A0A4-73C51A412132}"
EndProject
Project("{9A19103F-16F7-4668-BE54-9A1E7A4F7556}") = "ObsWebSocket5", "ObsWebSocket5\ObsWebSocket5.csproj", "{31C844EC-8AB0-4F01-8755-B4619C838852}"
EndProject
Project("{9A19103F-16F7-4668-BE54-9A1E7A4F7556}") = "Service", "Service\Service.csproj", "{17F917A5-AD2A-43CA-9DD2-0204B6CF610E}"
EndProject
Project("{2150E333-8FDC-42A3-9474-1A3956D46DE8}") = "Plug-ins", "Plug-ins", "{63B0CF63-4EA7-456E-9E04-853CBE5CC1F8}"
EndProject
Project("{2150E333-8FDC-42A3-9474-1A3956D46DE8}") = "OBS", "OBS", "{C91B921B-C59B-478E-8494-AC50B264E7E5}"
EndProject
Project("{2150E333-8FDC-42A3-9474-1A3956D46DE8}") = "SpeechRecognition", "SpeechRecognition", "{CAFDE106-8334-458C-A897-8D511FF41ADA}"
EndProject
Project("{2150E333-8FDC-42A3-9474-1A3956D46DE8}") = "Translation", "Translation", "{A8FDF0EA-D2E6-4D55-A58C-6D3957B42329}"
EndProject
Project("{FAE04EC0-301F-11D3-BF4B-00C04F79EFBC}") = "AmiVoiceSpeechRecognition", "Plug-ins\SpeechRecognition\AmiVoiceSpeechRecognition\AmiVoiceSpeechRecognition.csproj", "{F909C305-A3D0-460A-AFFE-635E26F19A43}"
EndProject
Project("{FAE04EC0-301F-11D3-BF4B-00C04F79EFBC}") = "AzureSpeechRecognition", "Plug-ins\SpeechRecognition\AzureSpeechRecognition\AzureSpeechRecognition.csproj", "{9A06CF51-787E-406D-AAAB-76DFEB9F6CC4}"
EndProject
Project("{FAE04EC0-301F-11D3-BF4B-00C04F79EFBC}") = "ChromeSpeechRecognition", "Plug-ins\SpeechRecognition\ChromeSpeechRecognition\ChromeSpeechRecognition.csproj", "{407E1D92-0913-45D3-AEE8-C948A744A38D}"
EndProject
Project("{9A19103F-16F7-4668-BE54-9A1E7A4F7556}") = "SpeechRecognitionServiceManager", "Plug-ins\SpeechRecognition\SpeechRecognitionServiceManager\SpeechRecognitionServiceManager.csproj", "{02F8DD91-4D45-4BE0-AC64-395540CE3D88}"
EndProject
Project("{FAE04EC0-301F-11D3-BF4B-00C04F79EFBC}") = "TranslationServiceManager", "Plug-ins\Translation\TranslationServiceManager\TranslationServiceManager.csproj", "{C78A31CD-05BA-41F1-BA0A-0442F9FAA60D}"
EndProject
Project("{FAE04EC0-301F-11D3-BF4B-00C04F79EFBC}") = "AzureTranslation", "Plug-ins\Translation\AzureTranslation\AzureTranslation.csproj", "{D5AC3BD6-7BA9-4901-9426-796E653619DD}"
EndProject
Project("{FAE04EC0-301F-11D3-BF4B-00C04F79EFBC}") = "DeepLTranslation", "Plug-ins\Translation\DeepLTranslation\DeepLTranslation.csproj", "{3F0FD92B-9EDB-4DF3-90CB-F7693B2C9EF2}"
EndProject
Project("{FAE04EC0-301F-11D3-BF4B-00C04F79EFBC}") = "GoogleAppsScriptTranslation", "Plug-ins\Translation\GoogleAppsScriptTranslation\GoogleAppsScriptTranslation.csproj", "{ED9BC4E8-C204-4771-9E66-A4D7476558D9}"
EndProject
Project("{FAE04EC0-301F-11D3-BF4B-00C04F79EFBC}") = "GoogleTranslate", "Plug-ins\Translation\GoogleTranslate\GoogleTranslate.csproj", "{5C8F0F10-B44B-443A-A568-1FF17D55B169}"
EndProject
Project("{FAE04EC0-301F-11D3-BF4B-00C04F79EFBC}") = "GoogleBasicTranslation", "Plug-ins\Translation\GoogleBasicTranslation\GoogleBasicTranslation.csproj", "{0DAE3E71-0DF2-4759-B92E-39A7E4D9B1D5}"
EndProject
Project("{2150E333-8FDC-42A3-9474-1A3956D46DE8}") = "Speech", "Speech", "{01E5C5D1-78C1-40C9-8312-1033A09B59DE}"
EndProject
Project("{FAE04EC0-301F-11D3-BF4B-00C04F79EFBC}") = "SpeechServiceManager", "Plug-ins\Speech\SpeechServiceManager\SpeechServiceManager.csproj", "{D9577F99-E38C-42F6-9FB8-9131EFDDD5E6}"
EndProject
Project("{FAE04EC0-301F-11D3-BF4B-00C04F79EFBC}") = "SystemSpeechService", "Plug-ins\Speech\SystemSpeechService\SystemSpeechService.csproj", "{19462CC1-F501-4C88-A9E8-C6B5370456EF}"
EndProject
Project("{FAE04EC0-301F-11D3-BF4B-00C04F79EFBC}") = "VoiceVoxSpeechService", "Plug-ins\Speech\VoiceVoxSpeechService\VoiceVoxSpeechService.csproj", "{0F2F3651-D054-49CE-903D-0C05511A760C}"
EndProject
Project("{2150E333-8FDC-42A3-9474-1A3956D46DE8}") = "Shortcut", "Shortcut", "{43E38278-B484-4278-B32C-5886802E5603}"
EndProject
Project("{FAE04EC0-301F-11D3-BF4B-00C04F79EFBC}") = "ShortcutServiceManager", "Plug-ins\Shortcut\ShortcutServiceManager\ShortcutServiceManager.csproj", "{1D9C5B1B-4282-48BE-8D57-A73A8EF99FDB}"
EndProject
Project("{2150E333-8FDC-42A3-9474-1A3956D46DE8}") = "OCR", "OCR", "{E2AD92DA-2585-45A7-AFC1-462E29243BC3}"
EndProject
Project("{FAE04EC0-301F-11D3-BF4B-00C04F79EFBC}") = "OcrServiceManager", "Plug-ins\OCR\OcrServiceManager\OcrServiceManager.csproj", "{DBEF8722-6B7B-4FDD-9ABE-E00729632BF1}"
EndProject
Project("{FAE04EC0-301F-11D3-BF4B-00C04F79EFBC}") = "ObsServiceManager", "Plug-ins\OBS\ObsServiceManager\ObsServiceManager.csproj", "{0EA3BA36-CAEB-41AE-8AA6-914C28466E14}"
EndProject
Project("{FAE04EC0-301F-11D3-BF4B-00C04F79EFBC}") = "AzureOcrService", "Plug-ins\OCR\AzureOcrService\AzureOcrService.csproj", "{24CAEFC0-941F-40EF-92BF-A7921E9A371F}"
EndProject
Project("{FAE04EC0-301F-11D3-BF4B-00C04F79EFBC}") = "TesseractOcrService", "Plug-ins\OCR\TesseractOcrService\TesseractOcrService.csproj", "{920975F0-7A19-477F-B841-A3B33E30BB2C}"
EndProject
Global
	GlobalSection(SolutionConfigurationPlatforms) = preSolution
		Debug|Any CPU = Debug|Any CPU
		Release|Any CPU = Release|Any CPU
	EndGlobalSection
	GlobalSection(ProjectConfigurationPlatforms) = postSolution
		{2032B4FA-450A-4C04-A16A-7D4AF557C8B2}.Debug|Any CPU.ActiveCfg = Debug|Any CPU
		{2032B4FA-450A-4C04-A16A-7D4AF557C8B2}.Debug|Any CPU.Build.0 = Debug|Any CPU
		{2032B4FA-450A-4C04-A16A-7D4AF557C8B2}.Release|Any CPU.ActiveCfg = Release|Any CPU
		{2032B4FA-450A-4C04-A16A-7D4AF557C8B2}.Release|Any CPU.Build.0 = Release|Any CPU
		{4025DFE7-BFAF-4FE2-A0A4-73C51A412132}.Debug|Any CPU.ActiveCfg = Debug|Any CPU
		{4025DFE7-BFAF-4FE2-A0A4-73C51A412132}.Debug|Any CPU.Build.0 = Debug|Any CPU
		{4025DFE7-BFAF-4FE2-A0A4-73C51A412132}.Release|Any CPU.ActiveCfg = Release|Any CPU
		{4025DFE7-BFAF-4FE2-A0A4-73C51A412132}.Release|Any CPU.Build.0 = Release|Any CPU
		{31C844EC-8AB0-4F01-8755-B4619C838852}.Debug|Any CPU.ActiveCfg = Debug|Any CPU
		{31C844EC-8AB0-4F01-8755-B4619C838852}.Debug|Any CPU.Build.0 = Debug|Any CPU
		{31C844EC-8AB0-4F01-8755-B4619C838852}.Release|Any CPU.ActiveCfg = Release|Any CPU
		{31C844EC-8AB0-4F01-8755-B4619C838852}.Release|Any CPU.Build.0 = Release|Any CPU
		{17F917A5-AD2A-43CA-9DD2-0204B6CF610E}.Debug|Any CPU.ActiveCfg = Debug|Any CPU
		{17F917A5-AD2A-43CA-9DD2-0204B6CF610E}.Debug|Any CPU.Build.0 = Debug|Any CPU
		{17F917A5-AD2A-43CA-9DD2-0204B6CF610E}.Release|Any CPU.ActiveCfg = Release|Any CPU
		{17F917A5-AD2A-43CA-9DD2-0204B6CF610E}.Release|Any CPU.Build.0 = Release|Any CPU
		{F909C305-A3D0-460A-AFFE-635E26F19A43}.Debug|Any CPU.ActiveCfg = Debug|Any CPU
		{F909C305-A3D0-460A-AFFE-635E26F19A43}.Debug|Any CPU.Build.0 = Debug|Any CPU
		{F909C305-A3D0-460A-AFFE-635E26F19A43}.Release|Any CPU.ActiveCfg = Release|Any CPU
		{F909C305-A3D0-460A-AFFE-635E26F19A43}.Release|Any CPU.Build.0 = Release|Any CPU
		{9A06CF51-787E-406D-AAAB-76DFEB9F6CC4}.Debug|Any CPU.ActiveCfg = Debug|Any CPU
		{9A06CF51-787E-406D-AAAB-76DFEB9F6CC4}.Debug|Any CPU.Build.0 = Debug|Any CPU
		{9A06CF51-787E-406D-AAAB-76DFEB9F6CC4}.Release|Any CPU.ActiveCfg = Release|Any CPU
		{9A06CF51-787E-406D-AAAB-76DFEB9F6CC4}.Release|Any CPU.Build.0 = Release|Any CPU
		{407E1D92-0913-45D3-AEE8-C948A744A38D}.Debug|Any CPU.ActiveCfg = Debug|Any CPU
		{407E1D92-0913-45D3-AEE8-C948A744A38D}.Debug|Any CPU.Build.0 = Debug|Any CPU
		{407E1D92-0913-45D3-AEE8-C948A744A38D}.Release|Any CPU.ActiveCfg = Release|Any CPU
		{407E1D92-0913-45D3-AEE8-C948A744A38D}.Release|Any CPU.Build.0 = Release|Any CPU
		{02F8DD91-4D45-4BE0-AC64-395540CE3D88}.Debug|Any CPU.ActiveCfg = Debug|Any CPU
		{02F8DD91-4D45-4BE0-AC64-395540CE3D88}.Debug|Any CPU.Build.0 = Debug|Any CPU
		{02F8DD91-4D45-4BE0-AC64-395540CE3D88}.Release|Any CPU.ActiveCfg = Release|Any CPU
		{02F8DD91-4D45-4BE0-AC64-395540CE3D88}.Release|Any CPU.Build.0 = Release|Any CPU
		{C78A31CD-05BA-41F1-BA0A-0442F9FAA60D}.Debug|Any CPU.ActiveCfg = Debug|Any CPU
		{C78A31CD-05BA-41F1-BA0A-0442F9FAA60D}.Debug|Any CPU.Build.0 = Debug|Any CPU
		{C78A31CD-05BA-41F1-BA0A-0442F9FAA60D}.Release|Any CPU.ActiveCfg = Release|Any CPU
		{C78A31CD-05BA-41F1-BA0A-0442F9FAA60D}.Release|Any CPU.Build.0 = Release|Any CPU
		{D5AC3BD6-7BA9-4901-9426-796E653619DD}.Debug|Any CPU.ActiveCfg = Debug|Any CPU
		{D5AC3BD6-7BA9-4901-9426-796E653619DD}.Debug|Any CPU.Build.0 = Debug|Any CPU
		{D5AC3BD6-7BA9-4901-9426-796E653619DD}.Release|Any CPU.ActiveCfg = Release|Any CPU
		{D5AC3BD6-7BA9-4901-9426-796E653619DD}.Release|Any CPU.Build.0 = Release|Any CPU
		{3F0FD92B-9EDB-4DF3-90CB-F7693B2C9EF2}.Debug|Any CPU.ActiveCfg = Debug|Any CPU
		{3F0FD92B-9EDB-4DF3-90CB-F7693B2C9EF2}.Debug|Any CPU.Build.0 = Debug|Any CPU
		{3F0FD92B-9EDB-4DF3-90CB-F7693B2C9EF2}.Release|Any CPU.ActiveCfg = Release|Any CPU
		{3F0FD92B-9EDB-4DF3-90CB-F7693B2C9EF2}.Release|Any CPU.Build.0 = Release|Any CPU
		{ED9BC4E8-C204-4771-9E66-A4D7476558D9}.Debug|Any CPU.ActiveCfg = Debug|Any CPU
		{ED9BC4E8-C204-4771-9E66-A4D7476558D9}.Debug|Any CPU.Build.0 = Debug|Any CPU
		{ED9BC4E8-C204-4771-9E66-A4D7476558D9}.Release|Any CPU.ActiveCfg = Release|Any CPU
		{ED9BC4E8-C204-4771-9E66-A4D7476558D9}.Release|Any CPU.Build.0 = Release|Any CPU
		{5C8F0F10-B44B-443A-A568-1FF17D55B169}.Debug|Any CPU.ActiveCfg = Debug|Any CPU
		{5C8F0F10-B44B-443A-A568-1FF17D55B169}.Debug|Any CPU.Build.0 = Debug|Any CPU
		{5C8F0F10-B44B-443A-A568-1FF17D55B169}.Release|Any CPU.ActiveCfg = Release|Any CPU
		{5C8F0F10-B44B-443A-A568-1FF17D55B169}.Release|Any CPU.Build.0 = Release|Any CPU
		{0DAE3E71-0DF2-4759-B92E-39A7E4D9B1D5}.Debug|Any CPU.ActiveCfg = Debug|Any CPU
		{0DAE3E71-0DF2-4759-B92E-39A7E4D9B1D5}.Debug|Any CPU.Build.0 = Debug|Any CPU
		{0DAE3E71-0DF2-4759-B92E-39A7E4D9B1D5}.Release|Any CPU.ActiveCfg = Release|Any CPU
		{0DAE3E71-0DF2-4759-B92E-39A7E4D9B1D5}.Release|Any CPU.Build.0 = Release|Any CPU
		{D9577F99-E38C-42F6-9FB8-9131EFDDD5E6}.Debug|Any CPU.ActiveCfg = Debug|Any CPU
		{D9577F99-E38C-42F6-9FB8-9131EFDDD5E6}.Debug|Any CPU.Build.0 = Debug|Any CPU
		{D9577F99-E38C-42F6-9FB8-9131EFDDD5E6}.Release|Any CPU.ActiveCfg = Release|Any CPU
		{D9577F99-E38C-42F6-9FB8-9131EFDDD5E6}.Release|Any CPU.Build.0 = Release|Any CPU
		{19462CC1-F501-4C88-A9E8-C6B5370456EF}.Debug|Any CPU.ActiveCfg = Debug|Any CPU
		{19462CC1-F501-4C88-A9E8-C6B5370456EF}.Debug|Any CPU.Build.0 = Debug|Any CPU
		{19462CC1-F501-4C88-A9E8-C6B5370456EF}.Release|Any CPU.ActiveCfg = Release|Any CPU
		{19462CC1-F501-4C88-A9E8-C6B5370456EF}.Release|Any CPU.Build.0 = Release|Any CPU
		{0F2F3651-D054-49CE-903D-0C05511A760C}.Debug|Any CPU.ActiveCfg = Debug|Any CPU
		{0F2F3651-D054-49CE-903D-0C05511A760C}.Debug|Any CPU.Build.0 = Debug|Any CPU
		{0F2F3651-D054-49CE-903D-0C05511A760C}.Release|Any CPU.ActiveCfg = Release|Any CPU
		{0F2F3651-D054-49CE-903D-0C05511A760C}.Release|Any CPU.Build.0 = Release|Any CPU
		{1D9C5B1B-4282-48BE-8D57-A73A8EF99FDB}.Debug|Any CPU.ActiveCfg = Debug|Any CPU
		{1D9C5B1B-4282-48BE-8D57-A73A8EF99FDB}.Debug|Any CPU.Build.0 = Debug|Any CPU
		{1D9C5B1B-4282-48BE-8D57-A73A8EF99FDB}.Release|Any CPU.ActiveCfg = Release|Any CPU
		{1D9C5B1B-4282-48BE-8D57-A73A8EF99FDB}.Release|Any CPU.Build.0 = Release|Any CPU
		{DBEF8722-6B7B-4FDD-9ABE-E00729632BF1}.Debug|Any CPU.ActiveCfg = Debug|Any CPU
		{DBEF8722-6B7B-4FDD-9ABE-E00729632BF1}.Debug|Any CPU.Build.0 = Debug|Any CPU
		{DBEF8722-6B7B-4FDD-9ABE-E00729632BF1}.Release|Any CPU.ActiveCfg = Release|Any CPU
		{DBEF8722-6B7B-4FDD-9ABE-E00729632BF1}.Release|Any CPU.Build.0 = Release|Any CPU
		{0EA3BA36-CAEB-41AE-8AA6-914C28466E14}.Debug|Any CPU.ActiveCfg = Debug|Any CPU
		{0EA3BA36-CAEB-41AE-8AA6-914C28466E14}.Debug|Any CPU.Build.0 = Debug|Any CPU
		{0EA3BA36-CAEB-41AE-8AA6-914C28466E14}.Release|Any CPU.ActiveCfg = Release|Any CPU
		{0EA3BA36-CAEB-41AE-8AA6-914C28466E14}.Release|Any CPU.Build.0 = Release|Any CPU
		{24CAEFC0-941F-40EF-92BF-A7921E9A371F}.Debug|Any CPU.ActiveCfg = Debug|Any CPU
		{24CAEFC0-941F-40EF-92BF-A7921E9A371F}.Debug|Any CPU.Build.0 = Debug|Any CPU
		{24CAEFC0-941F-40EF-92BF-A7921E9A371F}.Release|Any CPU.ActiveCfg = Release|Any CPU
		{24CAEFC0-941F-40EF-92BF-A7921E9A371F}.Release|Any CPU.Build.0 = Release|Any CPU
		{920975F0-7A19-477F-B841-A3B33E30BB2C}.Debug|Any CPU.ActiveCfg = Debug|Any CPU
		{920975F0-7A19-477F-B841-A3B33E30BB2C}.Debug|Any CPU.Build.0 = Debug|Any CPU
		{920975F0-7A19-477F-B841-A3B33E30BB2C}.Release|Any CPU.ActiveCfg = Release|Any CPU
		{920975F0-7A19-477F-B841-A3B33E30BB2C}.Release|Any CPU.Build.0 = Release|Any CPU
	EndGlobalSection
	GlobalSection(SolutionProperties) = preSolution
		HideSolutionNode = FALSE
	EndGlobalSection
	GlobalSection(NestedProjects) = preSolution
		{C91B921B-C59B-478E-8494-AC50B264E7E5} = {63B0CF63-4EA7-456E-9E04-853CBE5CC1F8}
		{CAFDE106-8334-458C-A897-8D511FF41ADA} = {63B0CF63-4EA7-456E-9E04-853CBE5CC1F8}
		{A8FDF0EA-D2E6-4D55-A58C-6D3957B42329} = {63B0CF63-4EA7-456E-9E04-853CBE5CC1F8}
		{F909C305-A3D0-460A-AFFE-635E26F19A43} = {CAFDE106-8334-458C-A897-8D511FF41ADA}
		{9A06CF51-787E-406D-AAAB-76DFEB9F6CC4} = {CAFDE106-8334-458C-A897-8D511FF41ADA}
		{407E1D92-0913-45D3-AEE8-C948A744A38D} = {CAFDE106-8334-458C-A897-8D511FF41ADA}
		{02F8DD91-4D45-4BE0-AC64-395540CE3D88} = {CAFDE106-8334-458C-A897-8D511FF41ADA}
		{C78A31CD-05BA-41F1-BA0A-0442F9FAA60D} = {A8FDF0EA-D2E6-4D55-A58C-6D3957B42329}
		{D5AC3BD6-7BA9-4901-9426-796E653619DD} = {A8FDF0EA-D2E6-4D55-A58C-6D3957B42329}
		{3F0FD92B-9EDB-4DF3-90CB-F7693B2C9EF2} = {A8FDF0EA-D2E6-4D55-A58C-6D3957B42329}
		{ED9BC4E8-C204-4771-9E66-A4D7476558D9} = {A8FDF0EA-D2E6-4D55-A58C-6D3957B42329}
		{5C8F0F10-B44B-443A-A568-1FF17D55B169} = {A8FDF0EA-D2E6-4D55-A58C-6D3957B42329}
		{0DAE3E71-0DF2-4759-B92E-39A7E4D9B1D5} = {A8FDF0EA-D2E6-4D55-A58C-6D3957B42329}
		{01E5C5D1-78C1-40C9-8312-1033A09B59DE} = {63B0CF63-4EA7-456E-9E04-853CBE5CC1F8}
		{D9577F99-E38C-42F6-9FB8-9131EFDDD5E6} = {01E5C5D1-78C1-40C9-8312-1033A09B59DE}
		{19462CC1-F501-4C88-A9E8-C6B5370456EF} = {01E5C5D1-78C1-40C9-8312-1033A09B59DE}
		{0F2F3651-D054-49CE-903D-0C05511A760C} = {01E5C5D1-78C1-40C9-8312-1033A09B59DE}
		{43E38278-B484-4278-B32C-5886802E5603} = {63B0CF63-4EA7-456E-9E04-853CBE5CC1F8}
		{1D9C5B1B-4282-48BE-8D57-A73A8EF99FDB} = {43E38278-B484-4278-B32C-5886802E5603}
		{E2AD92DA-2585-45A7-AFC1-462E29243BC3} = {63B0CF63-4EA7-456E-9E04-853CBE5CC1F8}
		{DBEF8722-6B7B-4FDD-9ABE-E00729632BF1} = {E2AD92DA-2585-45A7-AFC1-462E29243BC3}
		{0EA3BA36-CAEB-41AE-8AA6-914C28466E14} = {C91B921B-C59B-478E-8494-AC50B264E7E5}
		{24CAEFC0-941F-40EF-92BF-A7921E9A371F} = {E2AD92DA-2585-45A7-AFC1-462E29243BC3}
		{920975F0-7A19-477F-B841-A3B33E30BB2C} = {E2AD92DA-2585-45A7-AFC1-462E29243BC3}
	EndGlobalSection
	GlobalSection(ExtensibilityGlobals) = postSolution
		SolutionGuid = {365487EC-28E9-4A07-BFF4-492426B37167}
	EndGlobalSection
EndGlobal
